// !$*UTF8*$!
{
	archiveVersion = 1;
	classes = {
	};
	objectVersion = 50;
	objects = {

/* Begin PBXBuildFile section */
		C239971B2403FFF800F528C6 /* statedictionary.plist in Resources */ = {isa = PBXBuildFile; fileRef = C239971A2403FFF800F528C6 /* statedictionary.plist */; };
		C239971E2404002500F528C6 /* win.wav in Resources */ = {isa = PBXBuildFile; fileRef = C239971C2404002400F528C6 /* win.wav */; };
		C239971F2404002500F528C6 /* crunch.wav in Resources */ = {isa = PBXBuildFile; fileRef = C239971D2404002500F528C6 /* crunch.wav */; };
		C2EDE65A23F18CD10080D6B9 /* AppDelegate.swift in Sources */ = {isa = PBXBuildFile; fileRef = C2EDE65923F18CD10080D6B9 /* AppDelegate.swift */; };
		C2EDE65C23F18CD10080D6B9 /* SceneDelegate.swift in Sources */ = {isa = PBXBuildFile; fileRef = C2EDE65B23F18CD10080D6B9 /* SceneDelegate.swift */; };
		C2EDE65E23F18CD10080D6B9 /* ViewController.swift in Sources */ = {isa = PBXBuildFile; fileRef = C2EDE65D23F18CD10080D6B9 /* ViewController.swift */; };
		C2EDE66123F18CD20080D6B9 /* Main.storyboard in Resources */ = {isa = PBXBuildFile; fileRef = C2EDE65F23F18CD20080D6B9 /* Main.storyboard */; };
		C2EDE66323F18D1C0080D6B9 /* Assets.xcassets in Resources */ = {isa = PBXBuildFile; fileRef = C2EDE66223F18D1C0080D6B9 /* Assets.xcassets */; };
		C2EDE66623F18D1D0080D6B9 /* LaunchScreen.storyboard in Resources */ = {isa = PBXBuildFile; fileRef = C2EDE66423F18D1D0080D6B9 /* LaunchScreen.storyboard */; };
		C2EDE66E23F1947F0080D6B9 /* SingleComponentPickerViewController.swift in Sources */ = {isa = PBXBuildFile; fileRef = C2EDE66D23F1947F0080D6B9 /* SingleComponentPickerViewController.swift */; };
		C2EDE67023F194FE0080D6B9 /* DoubleComponentPickerViewController.swift in Sources */ = {isa = PBXBuildFile; fileRef = C2EDE66F23F194FE0080D6B9 /* DoubleComponentPickerViewController.swift */; };
		C2EDE67223F195370080D6B9 /* DependentComponentPickerViewController.swift in Sources */ = {isa = PBXBuildFile; fileRef = C2EDE67123F195370080D6B9 /* DependentComponentPickerViewController.swift */; };
		C2EDE67423F1955B0080D6B9 /* CustomComponentPickerViewController.swift in Sources */ = {isa = PBXBuildFile; fileRef = C2EDE67323F1955B0080D6B9 /* CustomComponentPickerViewController.swift */; };
		C2EDE67623F1957D0080D6B9 /* DatePickerViewController.swift in Sources */ = {isa = PBXBuildFile; fileRef = C2EDE67523F1957D0080D6B9 /* DatePickerViewController.swift */; };
/* End PBXBuildFile section */

/* Begin PBXFileReference section */
		C239971A2403FFF800F528C6 /* statedictionary.plist */ = {isa = PBXFileReference; fileEncoding = 4; lastKnownFileType = text.plist.xml; path = statedictionary.plist; sourceTree = "<group>"; };
		C239971C2404002400F528C6 /* win.wav */ = {isa = PBXFileReference; lastKnownFileType = audio.wav; path = win.wav; sourceTree = "<group>"; };
		C239971D2404002500F528C6 /* crunch.wav */ = {isa = PBXFileReference; lastKnownFileType = audio.wav; path = crunch.wav; sourceTree = "<group>"; };
		C2EDE65623F18CD00080D6B9 /* Pickers.app */ = {isa = PBXFileReference; explicitFileType = wrapper.application; includeInIndex = 0; path = Pickers.app; sourceTree = BUILT_PRODUCTS_DIR; };
		C2EDE65923F18CD10080D6B9 /* AppDelegate.swift */ = {isa = PBXFileReference; lastKnownFileType = sourcecode.swift; path = AppDelegate.swift; sourceTree = "<group>"; };
		C2EDE65B23F18CD10080D6B9 /* SceneDelegate.swift */ = {isa = PBXFileReference; lastKnownFileType = sourcecode.swift; path = SceneDelegate.swift; sourceTree = "<group>"; };
		C2EDE65D23F18CD10080D6B9 /* ViewController.swift */ = {isa = PBXFileReference; lastKnownFileType = sourcecode.swift; path = ViewController.swift; sourceTree = "<group>"; };
		C2EDE66023F18CD20080D6B9 /* Base */ = {isa = PBXFileReference; lastKnownFileType = file.storyboard; name = Base; path = Base.lproj/Main.storyboard; sourceTree = "<group>"; };
		C2EDE66223F18D1C0080D6B9 /* Assets.xcassets */ = {isa = PBXFileReference; lastKnownFileType = folder.assetcatalog; path = Assets.xcassets; sourceTree = "<group>"; };
		C2EDE66523F18D1D0080D6B9 /* Base */ = {isa = PBXFileReference; lastKnownFileType = file.storyboard; name = Base; path = Base.lproj/LaunchScreen.storyboard; sourceTree = "<group>"; };
		C2EDE66723F18D1D0080D6B9 /* Info.plist */ = {isa = PBXFileReference; lastKnownFileType = text.plist.xml; path = Info.plist; sourceTree = "<group>"; };
		C2EDE66D23F1947F0080D6B9 /* SingleComponentPickerViewController.swift */ = {isa = PBXFileReference; lastKnownFileType = sourcecode.swift; path = SingleComponentPickerViewController.swift; sourceTree = "<group>"; };
		C2EDE66F23F194FE0080D6B9 /* DoubleComponentPickerViewController.swift */ = {isa = PBXFileReference; lastKnownFileType = sourcecode.swift; path = DoubleComponentPickerViewController.swift; sourceTree = "<group>"; };
		C2EDE67123F195370080D6B9 /* DependentComponentPickerViewController.swift */ = {isa = PBXFileReference; lastKnownFileType = sourcecode.swift; path = DependentComponentPickerViewController.swift; sourceTree = "<group>"; };
		C2EDE67323F1955B0080D6B9 /* CustomComponentPickerViewController.swift */ = {isa = PBXFileReference; lastKnownFileType = sourcecode.swift; path = CustomComponentPickerViewController.swift; sourceTree = "<group>"; };
		C2EDE67523F1957D0080D6B9 /* DatePickerViewController.swift */ = {isa = PBXFileReference; lastKnownFileType = sourcecode.swift; path = DatePickerViewController.swift; sourceTree = "<group>"; };
/* End PBXFileReference section */

/* Begin PBXFrameworksBuildPhase section */
		C2EDE65323F18CD00080D6B9 /* Frameworks */ = {
			isa = PBXFrameworksBuildPhase;
			buildActionMask = 2147483647;
			files = (
			);
			runOnlyForDeploymentPostprocessing = 0;
		};
/* End PBXFrameworksBuildPhase section */

/* Begin PBXGroup section */
		C2EDE64D23F18CCF0080D6B9 = {
			isa = PBXGroup;
			children = (
				C2EDE65823F18CD00080D6B9 /* Pickers */,
				C2EDE65723F18CD00080D6B9 /* Products */,
			);
			sourceTree = "<group>";
		};
		C2EDE65723F18CD00080D6B9 /* Products */ = {
			isa = PBXGroup;
			children = (
				C2EDE65623F18CD00080D6B9 /* Pickers.app */,
			);
			name = Products;
			sourceTree = "<group>";
		};
		C2EDE65823F18CD00080D6B9 /* Pickers */ = {
			isa = PBXGroup;
			children = (
				C2EDE65923F18CD10080D6B9 /* AppDelegate.swift */,
				C2EDE65B23F18CD10080D6B9 /* SceneDelegate.swift */,
				C239971A2403FFF800F528C6 /* statedictionary.plist */,
				C239971D2404002500F528C6 /* crunch.wav */,
				C239971C2404002400F528C6 /* win.wav */,
				C2EDE65D23F18CD10080D6B9 /* ViewController.swift */,
				C2EDE65F23F18CD20080D6B9 /* Main.storyboard */,
				C2EDE66223F18D1C0080D6B9 /* Assets.xcassets */,
				C2EDE66423F18D1D0080D6B9 /* LaunchScreen.storyboard */,
				C2EDE66723F18D1D0080D6B9 /* Info.plist */,
				C2EDE66D23F1947F0080D6B9 /* SingleComponentPickerViewController.swift */,
				C2EDE66F23F194FE0080D6B9 /* DoubleComponentPickerViewController.swift */,
				C2EDE67123F195370080D6B9 /* DependentComponentPickerViewController.swift */,
				C2EDE67323F1955B0080D6B9 /* CustomComponentPickerViewController.swift */,
				C2EDE67523F1957D0080D6B9 /* DatePickerViewController.swift */,
			);
			path = Pickers;
			sourceTree = "<group>";
		};
/* End PBXGroup section */

/* Begin PBXNativeTarget section */
		C2EDE65523F18CD00080D6B9 /* Pickers */ = {
			isa = PBXNativeTarget;
			buildConfigurationList = C2EDE66A23F18D1D0080D6B9 /* Build configuration list for PBXNativeTarget "Pickers" */;
			buildPhases = (
				C2EDE65223F18CD00080D6B9 /* Sources */,
				C2EDE65323F18CD00080D6B9 /* Frameworks */,
				C2EDE65423F18CD00080D6B9 /* Resources */,
			);
			buildRules = (
			);
			dependencies = (
			);
			name = Pickers;
			productName = Pickers;
			productReference = C2EDE65623F18CD00080D6B9 /* Pickers.app */;
			productType = "com.apple.product-type.application";
		};
/* End PBXNativeTarget section */

/* Begin PBXProject section */
		C2EDE64E23F18CCF0080D6B9 /* Project object */ = {
			isa = PBXProject;
			attributes = {
				LastSwiftUpdateCheck = 1130;
				LastUpgradeCheck = 1130;
				ORGANIZATIONNAME = w0427115;
				TargetAttributes = {
					C2EDE65523F18CD00080D6B9 = {
						CreatedOnToolsVersion = 11.3;
					};
				};
			};
			buildConfigurationList = C2EDE65123F18CCF0080D6B9 /* Build configuration list for PBXProject "Pickers" */;
			compatibilityVersion = "Xcode 9.3";
			developmentRegion = en;
			hasScannedForEncodings = 0;
			knownRegions = (
				en,
				Base,
			);
			mainGroup = C2EDE64D23F18CCF0080D6B9;
			productRefGroup = C2EDE65723F18CD00080D6B9 /* Products */;
			projectDirPath = "";
			projectRoot = "";
			targets = (
				C2EDE65523F18CD00080D6B9 /* Pickers */,
			);
		};
/* End PBXProject section */

/* Begin PBXResourcesBuildPhase section */
		C2EDE65423F18CD00080D6B9 /* Resources */ = {
			isa = PBXResourcesBuildPhase;
			buildActionMask = 2147483647;
			files = (
				C2EDE66623F18D1D0080D6B9 /* LaunchScreen.storyboard in Resources */,
				C239971F2404002500F528C6 /* crunch.wav in Resources */,
				C2EDE66323F18D1C0080D6B9 /* Assets.xcassets in Resources */,
				C239971B2403FFF800F528C6 /* statedictionary.plist in Resources */,
				C239971E2404002500F528C6 /* win.wav in Resources */,
				C2EDE66123F18CD20080D6B9 /* Main.storyboard in Resources */,
			);
			runOnlyForDeploymentPostprocessing = 0;
		};
/* End PBXResourcesBuildPhase section */

/* Begin PBXSourcesBuildPhase section */
		C2EDE65223F18CD00080D6B9 /* Sources */ = {
			isa = PBXSourcesBuildPhase;
			buildActionMask = 2147483647;
			files = (
				C2EDE65E23F18CD10080D6B9 /* ViewController.swift in Sources */,
				C2EDE65A23F18CD10080D6B9 /* AppDelegate.swift in Sources */,
				C2EDE67223F195370080D6B9 /* DependentComponentPickerViewController.swift in Sources */,
				C2EDE67023F194FE0080D6B9 /* DoubleComponentPickerViewController.swift in Sources */,
				C2EDE67623F1957D0080D6B9 /* DatePickerViewController.swift in Sources */,
				C2EDE67423F1955B0080D6B9 /* CustomComponentPickerViewController.swift in Sources */,
				C2EDE66E23F1947F0080D6B9 /* SingleComponentPickerViewController.swift in Sources */,
				C2EDE65C23F18CD10080D6B9 /* SceneDelegate.swift in Sources */,
			);
			runOnlyForDeploymentPostprocessing = 0;
		};
/* End PBXSourcesBuildPhase section */

/* Begin PBXVariantGroup section */
		C2EDE65F23F18CD20080D6B9 /* Main.storyboard */ = {
			isa = PBXVariantGroup;
			children = (
				C2EDE66023F18CD20080D6B9 /* Base */,
			);
			name = Main.storyboard;
			sourceTree = "<group>";
		};
		C2EDE66423F18D1D0080D6B9 /* LaunchScreen.storyboard */ = {
			isa = PBXVariantGroup;
			children = (
				C2EDE66523F18D1D0080D6B9 /* Base */,
			);
			name = LaunchScreen.storyboard;
			sourceTree = "<group>";
		};
/* End PBXVariantGroup section */

/* Begin XCBuildConfiguration section */
		C2EDE66823F18D1D0080D6B9 /* Debug */ = {
			isa = XCBuildConfiguration;
			buildSettings = {
				ALWAYS_SEARCH_USER_PATHS = NO;
				CLANG_ANALYZER_NONNULL = YES;
				CLANG_ANALYZER_NUMBER_OBJECT_CONVERSION = YES_AGGRESSIVE;
				CLANG_CXX_LANGUAGE_STANDARD = "gnu++14";
				CLANG_CXX_LIBRARY = "libc++";
				CLANG_ENABLE_MODULES = YES;
				CLANG_ENABLE_OBJC_ARC = YES;
				CLANG_ENABLE_OBJC_WEAK = YES;
				CLANG_WARN_BLOCK_CAPTURE_AUTORELEASING = YES;
				CLANG_WARN_BOOL_CONVERSION = YES;
				CLANG_WARN_COMMA = YES;
				CLANG_WARN_CONSTANT_CONVERSION = YES;
				CLANG_WARN_DEPRECATED_OBJC_IMPLEMENTATIONS = YES;
				CLANG_WARN_DIRECT_OBJC_ISA_USAGE = YES_ERROR;
				CLANG_WARN_DOCUMENTATION_COMMENTS = YES;
				CLANG_WARN_EMPTY_BODY = YES;
				CLANG_WARN_ENUM_CONVERSION = YES;
				CLANG_WARN_INFINITE_RECURSION = YES;
				CLANG_WARN_INT_CONVERSION = YES;
				CLANG_WARN_NON_LITERAL_NULL_CONVERSION = YES;
				CLANG_WARN_OBJC_IMPLICIT_RETAIN_SELF = YES;
				CLANG_WARN_OBJC_LITERAL_CONVERSION = YES;
				CLANG_WARN_OBJC_ROOT_CLASS = YES_ERROR;
				CLANG_WARN_RANGE_LOOP_ANALYSIS = YES;
				CLANG_WARN_STRICT_PROTOTYPES = YES;
				CLANG_WARN_SUSPICIOUS_MOVE = YES;
				CLANG_WARN_UNGUARDED_AVAILABILITY = YES_AGGRESSIVE;
				CLANG_WARN_UNREACHABLE_CODE = YES;
				CLANG_WARN__DUPLICATE_METHOD_MATCH = YES;
				COPY_PHASE_STRIP = NO;
				DEBUG_INFORMATION_FORMAT = dwarf;
				ENABLE_STRICT_OBJC_MSGSEND = YES;
				ENABLE_TESTABILITY = YES;
				GCC_C_LANGUAGE_STANDARD = gnu11;
				GCC_DYNAMIC_NO_PIC = NO;
				GCC_NO_COMMON_BLOCKS = YES;
				GCC_OPTIMIZATION_LEVEL = 0;
				GCC_PREPROCESSOR_DEFINITIONS = (
					"DEBUG=1",
					"$(inherited)",
				);
				GCC_WARN_64_TO_32_BIT_CONVERSION = YES;
				GCC_WARN_ABOUT_RETURN_TYPE = YES_ERROR;
				GCC_WARN_UNDECLARED_SELECTOR = YES;
				GCC_WARN_UNINITIALIZED_AUTOS = YES_AGGRESSIVE;
				GCC_WARN_UNUSED_FUNCTION = YES;
				GCC_WARN_UNUSED_VARIABLE = YES;
				IPHONEOS_DEPLOYMENT_TARGET = 13.2;
				MTL_ENABLE_DEBUG_INFO = INCLUDE_SOURCE;
				MTL_FAST_MATH = YES;
				ONLY_ACTIVE_ARCH = YES;
				SDKROOT = iphoneos;
				SWIFT_ACTIVE_COMPILATION_CONDITIONS = DEBUG;
				SWIFT_OPTIMIZATION_LEVEL = "-Onone";
			};
			name = Debug;
		};
		C2EDE66923F18D1D0080D6B9 /* Release */ = {
			isa = XCBuildConfiguration;
			buildSettings = {
				ALWAYS_SEARCH_USER_PATHS = NO;
				CLANG_ANALYZER_NONNULL = YES;
				CLANG_ANALYZER_NUMBER_OBJECT_CONVERSION = YES_AGGRESSIVE;
				CLANG_CXX_LANGUAGE_STANDARD = "gnu++14";
				CLANG_CXX_LIBRARY = "libc++";
				CLANG_ENABLE_MODULES = YES;
				CLANG_ENABLE_OBJC_ARC = YES;
				CLANG_ENABLE_OBJC_WEAK = YES;
				CLANG_WARN_BLOCK_CAPTURE_AUTORELEASING = YES;
				CLANG_WARN_BOOL_CONVERSION = YES;
				CLANG_WARN_COMMA = YES;
				CLANG_WARN_CONSTANT_CONVERSION = YES;
				CLANG_WARN_DEPRECATED_OBJC_IMPLEMENTATIONS = YES;
				CLANG_WARN_DIRECT_OBJC_ISA_USAGE = YES_ERROR;
				CLANG_WARN_DOCUMENTATION_COMMENTS = YES;
				CLANG_WARN_EMPTY_BODY = YES;
				CLANG_WARN_ENUM_CONVERSION = YES;
				CLANG_WARN_INFINITE_RECURSION = YES;
				CLANG_WARN_INT_CONVERSION = YES;
				CLANG_WARN_NON_LITERAL_NULL_CONVERSION = YES;
				CLANG_WARN_OBJC_IMPLICIT_RETAIN_SELF = YES;
				CLANG_WARN_OBJC_LITERAL_CONVERSION = YES;
				CLANG_WARN_OBJC_ROOT_CLASS = YES_ERROR;
				CLANG_WARN_RANGE_LOOP_ANALYSIS = YES;
				CLANG_WARN_STRICT_PROTOTYPES = YES;
				CLANG_WARN_SUSPICIOUS_MOVE = YES;
				CLANG_WARN_UNGUARDED_AVAILABILITY = YES_AGGRESSIVE;
				CLANG_WARN_UNREACHABLE_CODE = YES;
				CLANG_WARN__DUPLICATE_METHOD_MATCH = YES;
				COPY_PHASE_STRIP = NO;
				DEBUG_INFORMATION_FORMAT = "dwarf-with-dsym";
				ENABLE_NS_ASSERTIONS = NO;
				ENABLE_STRICT_OBJC_MSGSEND = YES;
				GCC_C_LANGUAGE_STANDARD = gnu11;
				GCC_NO_COMMON_BLOCKS = YES;
				GCC_WARN_64_TO_32_BIT_CONVERSION = YES;
				GCC_WARN_ABOUT_RETURN_TYPE = YES_ERROR;
				GCC_WARN_UNDECLARED_SELECTOR = YES;
				GCC_WARN_UNINITIALIZED_AUTOS = YES_AGGRESSIVE;
				GCC_WARN_UNUSED_FUNCTION = YES;
				GCC_WARN_UNUSED_VARIABLE = YES;
				IPHONEOS_DEPLOYMENT_TARGET = 13.2;
				MTL_ENABLE_DEBUG_INFO = NO;
				MTL_FAST_MATH = YES;
				SDKROOT = iphoneos;
				SWIFT_COMPILATION_MODE = wholemodule;
				SWIFT_OPTIMIZATION_LEVEL = "-O";
				VALIDATE_PRODUCT = YES;
			};
			name = Release;
		};
		C2EDE66B23F18D1D0080D6B9 /* Debug */ = {
			isa = XCBuildConfiguration;
			buildSettings = {
				ASSETCATALOG_COMPILER_APPICON_NAME = AppIcon;
				CODE_SIGN_STYLE = Automatic;
				INFOPLIST_FILE = Pickers/Info.plist;
				LD_RUNPATH_SEARCH_PATHS = (
					"$(inherited)",
					"@executable_path/Frameworks",
				);
				PRODUCT_BUNDLE_IDENTIFIER = ca.nscc.Pickers;
				PRODUCT_NAME = "$(TARGET_NAME)";
				SWIFT_VERSION = 5.0;
				TARGETED_DEVICE_FAMILY = "1,2";
			};
			name = Debug;
		};
		C2EDE66C23F18D1D0080D6B9 /* Release */ = {
			isa = XCBuildConfiguration;
			buildSettings = {
				ASSETCATALOG_COMPILER_APPICON_NAME = AppIcon;
				CODE_SIGN_STYLE = Automatic;
				INFOPLIST_FILE = Pickers/Info.plist;
				LD_RUNPATH_SEARCH_PATHS = (
					"$(inherited)",
					"@executable_path/Frameworks",
				);
				PRODUCT_BUNDLE_IDENTIFIER = ca.nscc.Pickers;
				PRODUCT_NAME = "$(TARGET_NAME)";
				SWIFT_VERSION = 5.0;
				TARGETED_DEVICE_FAMILY = "1,2";
			};
			name = Release;
		};
/* End XCBuildConfiguration section */

/* Begin XCConfigurationList section */
		C2EDE65123F18CCF0080D6B9 /* Build configuration list for PBXProject "Pickers" */ = {
			isa = XCConfigurationList;
			buildConfigurations = (
				C2EDE66823F18D1D0080D6B9 /* Debug */,
				C2EDE66923F18D1D0080D6B9 /* Release */,
			);
			defaultConfigurationIsVisible = 0;
			defaultConfigurationName = Release;
		};
		C2EDE66A23F18D1D0080D6B9 /* Build configuration list for PBXNativeTarget "Pickers" */ = {
			isa = XCConfigurationList;
			buildConfigurations = (
				C2EDE66B23F18D1D0080D6B9 /* Debug */,
				C2EDE66C23F18D1D0080D6B9 /* Release */,
			);
			defaultConfigurationIsVisible = 0;
			defaultConfigurationName = Release;
		};
/* End XCConfigurationList section */
	};
	rootObject = C2EDE64E23F18CCF0080D6B9 /* Project object */;
}
