// !$*UTF8*$!
{
	archiveVersion = 1;
	classes = {
	};
	objectVersion = 50;
	objects = {

/* Begin PBXBuildFile section */
		C210E2292406A2750025ADC7 /* AppDelegate.swift in Sources */ = {isa = PBXBuildFile; fileRef = C210E2282406A2750025ADC7 /* AppDelegate.swift */; };
		C210E22B2406A2760025ADC7 /* SceneDelegate.swift in Sources */ = {isa = PBXBuildFile; fileRef = C210E22A2406A2760025ADC7 /* SceneDelegate.swift */; };
		C210E22D2406A2760025ADC7 /* ViewController.swift in Sources */ = {isa = PBXBuildFile; fileRef = C210E22C2406A2760025ADC7 /* ViewController.swift */; };
		C210E2302406A2770025ADC7 /* Main.storyboard in Resources */ = {isa = PBXBuildFile; fileRef = C210E22E2406A2770025ADC7 /* Main.storyboard */; };
		C210E2322406A3220025ADC7 /* Assets.xcassets in Resources */ = {isa = PBXBuildFile; fileRef = C210E2312406A3220025ADC7 /* Assets.xcassets */; };
		C210E2352406A3220025ADC7 /* LaunchScreen.storyboard in Resources */ = {isa = PBXBuildFile; fileRef = C210E2332406A3220025ADC7 /* LaunchScreen.storyboard */; };
		C210E23D2406A3BE0025ADC7 /* SwitchingViewController.swift in Sources */ = {isa = PBXBuildFile; fileRef = C210E23C2406A3BE0025ADC7 /* SwitchingViewController.swift */; };
		C210E23F2406A47B0025ADC7 /* BlueViewController.swift in Sources */ = {isa = PBXBuildFile; fileRef = C210E23E2406A47B0025ADC7 /* BlueViewController.swift */; };
		C210E2412406A48C0025ADC7 /* YellowViewController.swift in Sources */ = {isa = PBXBuildFile; fileRef = C210E2402406A48C0025ADC7 /* YellowViewController.swift */; };
/* End PBXBuildFile section */

/* Begin PBXFileReference section */
		C210E2252406A2740025ADC7 /* Switcher.app */ = {isa = PBXFileReference; explicitFileType = wrapper.application; includeInIndex = 0; path = Switcher.app; sourceTree = BUILT_PRODUCTS_DIR; };
		C210E2282406A2750025ADC7 /* AppDelegate.swift */ = {isa = PBXFileReference; lastKnownFileType = sourcecode.swift; path = AppDelegate.swift; sourceTree = "<group>"; };
		C210E22A2406A2760025ADC7 /* SceneDelegate.swift */ = {isa = PBXFileReference; lastKnownFileType = sourcecode.swift; path = SceneDelegate.swift; sourceTree = "<group>"; };
		C210E22C2406A2760025ADC7 /* ViewController.swift */ = {isa = PBXFileReference; lastKnownFileType = sourcecode.swift; path = ViewController.swift; sourceTree = "<group>"; };
		C210E22F2406A2770025ADC7 /* Base */ = {isa = PBXFileReference; lastKnownFileType = file.storyboard; name = Base; path = Base.lproj/Main.storyboard; sourceTree = "<group>"; };
		C210E2312406A3220025ADC7 /* Assets.xcassets */ = {isa = PBXFileReference; lastKnownFileType = folder.assetcatalog; path = Assets.xcassets; sourceTree = "<group>"; };
		C210E2342406A3220025ADC7 /* Base */ = {isa = PBXFileReference; lastKnownFileType = file.storyboard; name = Base; path = Base.lproj/LaunchScreen.storyboard; sourceTree = "<group>"; };
		C210E2362406A3220025ADC7 /* Info.plist */ = {isa = PBXFileReference; lastKnownFileType = text.plist.xml; path = Info.plist; sourceTree = "<group>"; };
		C210E23C2406A3BE0025ADC7 /* SwitchingViewController.swift */ = {isa = PBXFileReference; lastKnownFileType = sourcecode.swift; path = SwitchingViewController.swift; sourceTree = "<group>"; };
		C210E23E2406A47B0025ADC7 /* BlueViewController.swift */ = {isa = PBXFileReference; lastKnownFileType = sourcecode.swift; path = BlueViewController.swift; sourceTree = "<group>"; };
		C210E2402406A48C0025ADC7 /* YellowViewController.swift */ = {isa = PBXFileReference; lastKnownFileType = sourcecode.swift; path = YellowViewController.swift; sourceTree = "<group>"; };
/* End PBXFileReference section */

/* Begin PBXFrameworksBuildPhase section */
		C210E2222406A2730025ADC7 /* Frameworks */ = {
			isa = PBXFrameworksBuildPhase;
			buildActionMask = 2147483647;
			files = (
			);
			runOnlyForDeploymentPostprocessing = 0;
		};
/* End PBXFrameworksBuildPhase section */

/* Begin PBXGroup section */
		C210E21C2406A2720025ADC7 = {
			isa = PBXGroup;
			children = (
				C210E2272406A2740025ADC7 /* Switcher */,
				C210E2262406A2740025ADC7 /* Products */,
			);
			sourceTree = "<group>";
		};
		C210E2262406A2740025ADC7 /* Products */ = {
			isa = PBXGroup;
			children = (
				C210E2252406A2740025ADC7 /* Switcher.app */,
			);
			name = Products;
			sourceTree = "<group>";
		};
		C210E2272406A2740025ADC7 /* Switcher */ = {
			isa = PBXGroup;
			children = (
				C210E2282406A2750025ADC7 /* AppDelegate.swift */,
				C210E22A2406A2760025ADC7 /* SceneDelegate.swift */,
				C210E22C2406A2760025ADC7 /* ViewController.swift */,
				C210E22E2406A2770025ADC7 /* Main.storyboard */,
				C210E2312406A3220025ADC7 /* Assets.xcassets */,
				C210E2332406A3220025ADC7 /* LaunchScreen.storyboard */,
				C210E2362406A3220025ADC7 /* Info.plist */,
				C210E23C2406A3BE0025ADC7 /* SwitchingViewController.swift */,
				C210E23E2406A47B0025ADC7 /* BlueViewController.swift */,
				C210E2402406A48C0025ADC7 /* YellowViewController.swift */,
			);
			path = Switcher;
			sourceTree = "<group>";
		};
/* End PBXGroup section */

/* Begin PBXNativeTarget section */
		C210E2242406A2730025ADC7 /* Switcher */ = {
			isa = PBXNativeTarget;
			buildConfigurationList = C210E2392406A3220025ADC7 /* Build configuration list for PBXNativeTarget "Switcher" */;
			buildPhases = (
				C210E2212406A2730025ADC7 /* Sources */,
				C210E2222406A2730025ADC7 /* Frameworks */,
				C210E2232406A2730025ADC7 /* Resources */,
			);
			buildRules = (
			);
			dependencies = (
			);
			name = Switcher;
			productName = Switcher;
			productReference = C210E2252406A2740025ADC7 /* Switcher.app */;
			productType = "com.apple.product-type.application";
		};
/* End PBXNativeTarget section */

/* Begin PBXProject section */
		C210E21D2406A2730025ADC7 /* Project object */ = {
			isa = PBXProject;
			attributes = {
				LastSwiftUpdateCheck = 1130;
				LastUpgradeCheck = 1130;
				ORGANIZATIONNAME = w0427115;
				TargetAttributes = {
					C210E2242406A2730025ADC7 = {
						CreatedOnToolsVersion = 11.3;
					};
				};
			};
			buildConfigurationList = C210E2202406A2730025ADC7 /* Build configuration list for PBXProject "Switcher" */;
			compatibilityVersion = "Xcode 9.3";
			developmentRegion = en;
			hasScannedForEncodings = 0;
			knownRegions = (
				en,
				Base,
			);
			mainGroup = C210E21C2406A2720025ADC7;
			productRefGroup = C210E2262406A2740025ADC7 /* Products */;
			projectDirPath = "";
			projectRoot = "";
			targets = (
				C210E2242406A2730025ADC7 /* Switcher */,
			);
		};
/* End PBXProject section */

/* Begin PBXResourcesBuildPhase section */
		C210E2232406A2730025ADC7 /* Resources */ = {
			isa = PBXResourcesBuildPhase;
			buildActionMask = 2147483647;
			files = (
				C210E2352406A3220025ADC7 /* LaunchScreen.storyboard in Resources */,
				C210E2322406A3220025ADC7 /* Assets.xcassets in Resources */,
				C210E2302406A2770025ADC7 /* Main.storyboard in Resources */,
			);
			runOnlyForDeploymentPostprocessing = 0;
		};
/* End PBXResourcesBuildPhase section */

/* Begin PBXSourcesBuildPhase section */
		C210E2212406A2730025ADC7 /* Sources */ = {
			isa = PBXSourcesBuildPhase;
			buildActionMask = 2147483647;
			files = (
				C210E22D2406A2760025ADC7 /* ViewController.swift in Sources */,
				C210E2292406A2750025ADC7 /* AppDelegate.swift in Sources */,
				C210E22B2406A2760025ADC7 /* SceneDelegate.swift in Sources */,
				C210E23F2406A47B0025ADC7 /* BlueViewController.swift in Sources */,
				C210E2412406A48C0025ADC7 /* YellowViewController.swift in Sources */,
				C210E23D2406A3BE0025ADC7 /* SwitchingViewController.swift in Sources */,
			);
			runOnlyForDeploymentPostprocessing = 0;
		};
/* End PBXSourcesBuildPhase section */

/* Begin PBXVariantGroup section */
		C210E22E2406A2770025ADC7 /* Main.storyboard */ = {
			isa = PBXVariantGroup;
			children = (
				C210E22F2406A2770025ADC7 /* Base */,
			);
			name = Main.storyboard;
			sourceTree = "<group>";
		};
		C210E2332406A3220025ADC7 /* LaunchScreen.storyboard */ = {
			isa = PBXVariantGroup;
			children = (
				C210E2342406A3220025ADC7 /* Base */,
			);
			name = LaunchScreen.storyboard;
			sourceTree = "<group>";
		};
/* End PBXVariantGroup section */

/* Begin XCBuildConfiguration section */
		C210E2372406A3220025ADC7 /* Debug */ = {
			isa = XCBuildConfiguration;
			buildSettings = {
				ALWAYS_SEARCH_USER_PATHS = NO;
				CLANG_ANALYZER_NONNULL = YES;
				CLANG_ANALYZER_NUMBER_OBJECT_CONVERSION = YES_AGGRESSIVE;
				CLANG_CXX_LANGUAGE_STANDARD = "gnu++14";
				CLANG_CXX_LIBRARY = "libc++";
				CLANG_ENABLE_MODULES = YES;
				CLANG_ENABLE_OBJC_ARC = YES;
				CLANG_ENABLE_OBJC_WEAK = YES;
				CLANG_WARN_BLOCK_CAPTURE_AUTORELEASING = YES;
				CLANG_WARN_BOOL_CONVERSION = YES;
				CLANG_WARN_COMMA = YES;
				CLANG_WARN_CONSTANT_CONVERSION = YES;
				CLANG_WARN_DEPRECATED_OBJC_IMPLEMENTATIONS = YES;
				CLANG_WARN_DIRECT_OBJC_ISA_USAGE = YES_ERROR;
				CLANG_WARN_DOCUMENTATION_COMMENTS = YES;
				CLANG_WARN_EMPTY_BODY = YES;
				CLANG_WARN_ENUM_CONVERSION = YES;
				CLANG_WARN_INFINITE_RECURSION = YES;
				CLANG_WARN_INT_CONVERSION = YES;
				CLANG_WARN_NON_LITERAL_NULL_CONVERSION = YES;
				CLANG_WARN_OBJC_IMPLICIT_RETAIN_SELF = YES;
				CLANG_WARN_OBJC_LITERAL_CONVERSION = YES;
				CLANG_WARN_OBJC_ROOT_CLASS = YES_ERROR;
				CLANG_WARN_RANGE_LOOP_ANALYSIS = YES;
				CLANG_WARN_STRICT_PROTOTYPES = YES;
				CLANG_WARN_SUSPICIOUS_MOVE = YES;
				CLANG_WARN_UNGUARDED_AVAILABILITY = YES_AGGRESSIVE;
				CLANG_WARN_UNREACHABLE_CODE = YES;
				CLANG_WARN__DUPLICATE_METHOD_MATCH = YES;
				COPY_PHASE_STRIP = NO;
				DEBUG_INFORMATION_FORMAT = dwarf;
				ENABLE_STRICT_OBJC_MSGSEND = YES;
				ENABLE_TESTABILITY = YES;
				GCC_C_LANGUAGE_STANDARD = gnu11;
				GCC_DYNAMIC_NO_PIC = NO;
				GCC_NO_COMMON_BLOCKS = YES;
				GCC_OPTIMIZATION_LEVEL = 0;
				GCC_PREPROCESSOR_DEFINITIONS = (
					"DEBUG=1",
					"$(inherited)",
				);
				GCC_WARN_64_TO_32_BIT_CONVERSION = YES;
				GCC_WARN_ABOUT_RETURN_TYPE = YES_ERROR;
				GCC_WARN_UNDECLARED_SELECTOR = YES;
				GCC_WARN_UNINITIALIZED_AUTOS = YES_AGGRESSIVE;
				GCC_WARN_UNUSED_FUNCTION = YES;
				GCC_WARN_UNUSED_VARIABLE = YES;
				IPHONEOS_DEPLOYMENT_TARGET = 13.2;
				MTL_ENABLE_DEBUG_INFO = INCLUDE_SOURCE;
				MTL_FAST_MATH = YES;
				ONLY_ACTIVE_ARCH = YES;
				SDKROOT = iphoneos;
				SWIFT_ACTIVE_COMPILATION_CONDITIONS = DEBUG;
				SWIFT_OPTIMIZATION_LEVEL = "-Onone";
			};
			name = Debug;
		};
		C210E2382406A3220025ADC7 /* Release */ = {
			isa = XCBuildConfiguration;
			buildSettings = {
				ALWAYS_SEARCH_USER_PATHS = NO;
				CLANG_ANALYZER_NONNULL = YES;
				CLANG_ANALYZER_NUMBER_OBJECT_CONVERSION = YES_AGGRESSIVE;
				CLANG_CXX_LANGUAGE_STANDARD = "gnu++14";
				CLANG_CXX_LIBRARY = "libc++";
				CLANG_ENABLE_MODULES = YES;
				CLANG_ENABLE_OBJC_ARC = YES;
				CLANG_ENABLE_OBJC_WEAK = YES;
				CLANG_WARN_BLOCK_CAPTURE_AUTORELEASING = YES;
				CLANG_WARN_BOOL_CONVERSION = YES;
				CLANG_WARN_COMMA = YES;
				CLANG_WARN_CONSTANT_CONVERSION = YES;
				CLANG_WARN_DEPRECATED_OBJC_IMPLEMENTATIONS = YES;
				CLANG_WARN_DIRECT_OBJC_ISA_USAGE = YES_ERROR;
				CLANG_WARN_DOCUMENTATION_COMMENTS = YES;
				CLANG_WARN_EMPTY_BODY = YES;
				CLANG_WARN_ENUM_CONVERSION = YES;
				CLANG_WARN_INFINITE_RECURSION = YES;
				CLANG_WARN_INT_CONVERSION = YES;
				CLANG_WARN_NON_LITERAL_NULL_CONVERSION = YES;
				CLANG_WARN_OBJC_IMPLICIT_RETAIN_SELF = YES;
				CLANG_WARN_OBJC_LITERAL_CONVERSION = YES;
				CLANG_WARN_OBJC_ROOT_CLASS = YES_ERROR;
				CLANG_WARN_RANGE_LOOP_ANALYSIS = YES;
				CLANG_WARN_STRICT_PROTOTYPES = YES;
				CLANG_WARN_SUSPICIOUS_MOVE = YES;
				CLANG_WARN_UNGUARDED_AVAILABILITY = YES_AGGRESSIVE;
				CLANG_WARN_UNREACHABLE_CODE = YES;
				CLANG_WARN__DUPLICATE_METHOD_MATCH = YES;
				COPY_PHASE_STRIP = NO;
				DEBUG_INFORMATION_FORMAT = "dwarf-with-dsym";
				ENABLE_NS_ASSERTIONS = NO;
				ENABLE_STRICT_OBJC_MSGSEND = YES;
				GCC_C_LANGUAGE_STANDARD = gnu11;
				GCC_NO_COMMON_BLOCKS = YES;
				GCC_WARN_64_TO_32_BIT_CONVERSION = YES;
				GCC_WARN_ABOUT_RETURN_TYPE = YES_ERROR;
				GCC_WARN_UNDECLARED_SELECTOR = YES;
				GCC_WARN_UNINITIALIZED_AUTOS = YES_AGGRESSIVE;
				GCC_WARN_UNUSED_FUNCTION = YES;
				GCC_WARN_UNUSED_VARIABLE = YES;
				IPHONEOS_DEPLOYMENT_TARGET = 13.2;
				MTL_ENABLE_DEBUG_INFO = NO;
				MTL_FAST_MATH = YES;
				SDKROOT = iphoneos;
				SWIFT_COMPILATION_MODE = wholemodule;
				SWIFT_OPTIMIZATION_LEVEL = "-O";
				VALIDATE_PRODUCT = YES;
			};
			name = Release;
		};
		C210E23A2406A3220025ADC7 /* Debug */ = {
			isa = XCBuildConfiguration;
			buildSettings = {
				ASSETCATALOG_COMPILER_APPICON_NAME = AppIcon;
				CODE_SIGN_STYLE = Automatic;
				INFOPLIST_FILE = Switcher/Info.plist;
				LD_RUNPATH_SEARCH_PATHS = (
					"$(inherited)",
					"@executable_path/Frameworks",
				);
				PRODUCT_BUNDLE_IDENTIFIER = ca.nscc.Switcher;
				PRODUCT_NAME = "$(TARGET_NAME)";
				SWIFT_VERSION = 5.0;
				TARGETED_DEVICE_FAMILY = "1,2";
			};
			name = Debug;
		};
		C210E23B2406A3220025ADC7 /* Release */ = {
			isa = XCBuildConfiguration;
			buildSettings = {
				ASSETCATALOG_COMPILER_APPICON_NAME = AppIcon;
				CODE_SIGN_STYLE = Automatic;
				INFOPLIST_FILE = Switcher/Info.plist;
				LD_RUNPATH_SEARCH_PATHS = (
					"$(inherited)",
					"@executable_path/Frameworks",
				);
				PRODUCT_BUNDLE_IDENTIFIER = ca.nscc.Switcher;
				PRODUCT_NAME = "$(TARGET_NAME)";
				SWIFT_VERSION = 5.0;
				TARGETED_DEVICE_FAMILY = "1,2";
			};
			name = Release;
		};
/* End XCBuildConfiguration section */

/* Begin XCConfigurationList section */
		C210E2202406A2730025ADC7 /* Build configuration list for PBXProject "Switcher" */ = {
			isa = XCConfigurationList;
			buildConfigurations = (
				C210E2372406A3220025ADC7 /* Debug */,
				C210E2382406A3220025ADC7 /* Release */,
			);
			defaultConfigurationIsVisible = 0;
			defaultConfigurationName = Release;
		};
		C210E2392406A3220025ADC7 /* Build configuration list for PBXNativeTarget "Switcher" */ = {
			isa = XCConfigurationList;
			buildConfigurations = (
				C210E23A2406A3220025ADC7 /* Debug */,
				C210E23B2406A3220025ADC7 /* Release */,
			);
			defaultConfigurationIsVisible = 0;
			defaultConfigurationName = Release;
		};
/* End XCConfigurationList section */
	};
	rootObject = C210E21D2406A2730025ADC7 /* Project object */;
}
